Microsoft Visual Studio Solution File, Format Version 12.00
# Visual Studio Version 17
VisualStudioVersion = 17.5.2.0
MinimumVisualStudioVersion = 10.0.40219.1
Project("{FAE04EC0-301F-11D3-BF4B-00C04F79EFBC}") = "AttitudeIndicator", "AttitudeIndicator.csproj", "{D11732F2-A6E4-AB0A-A0F6-A42655D9EC20}"
EndProject
Global
	GlobalSection(SolutionConfigurationPlatforms) = preSolution
		Debug|Any CPU = Debug|Any CPU
		Release|Any CPU = Release|Any CPU
	EndGlobalSection
	GlobalSection(ProjectConfigurationPlatforms) = postSolution
		{D11732F2-A6E4-AB0A-A0F6-A42655D9EC20}.Debug|Any CPU.ActiveCfg = Debug|Any CPU
		{D11732F2-A6E4-AB0A-A0F6-A42655D9EC20}.Debug|Any CPU.Build.0 = Debug|Any CPU
		{D11732F2-A6E4-AB0A-A0F6-A42655D9EC20}.Release|Any CPU.ActiveCfg = Release|Any CPU
		{D11732F2-A6E4-AB0A-A0F6-A42655D9EC20}.Release|Any CPU.Build.0 = Release|Any CPU
	EndGlobalSection
	GlobalSection(SolutionProperties) = preSolution
		HideSolutionNode = FALSE
	EndGlobalSection
	GlobalSection(ExtensibilityGlobals) = postSolution
		SolutionGuid = {A03D50FB-0698-463C-9FE5-E240DFE2A160}
	EndGlobalSection
EndGlobal
